
Microsoft Visual Studio Solution File, Format Version 12.00
# Visual Studio 15
VisualStudioVersion = 15.0.27703.2042
MinimumVisualStudioVersion = 10.0.40219.1
Project("{FAE04EC0-301F-11D3-BF4B-00C04F79EFBC}") = "WebSocketServer", "WebSocketServer\WebSocketServer.csproj", "{5158588C-C230-44F9-BCBF-1C34CFC9A305}"
EndProject
Global
	GlobalSection(SolutionConfigurationPlatforms) = preSolution
		Debug|Any CPU = Debug|Any CPU
		Release|Any CPU = Release|Any CPU
	EndGlobalSection
	GlobalSection(ProjectConfigurationPlatforms) = postSolution
		{5158588C-C230-44F9-BCBF-1C34CFC9A305}.Debug|Any CPU.ActiveCfg = Debug|Any CPU
		{5158588C-C230-44F9-BCBF-1C34CFC9A305}.Debug|Any CPU.Build.0 = Debug|Any CPU
		{5158588C-C230-44F9-BCBF-1C34CFC9A305}.Release|Any CPU.ActiveCfg = Release|Any CPU
		{5158588C-C230-44F9-BCBF-1C34CFC9A305}.Release|Any CPU.Build.0 = Release|Any CPU
	EndGlobalSection
	GlobalSection(SolutionProperties) = preSolution
		HideSolutionNode = FALSE
	EndGlobalSection
	GlobalSection(ExtensibilityGlobals) = postSolution
		SolutionGuid = {8CF06142-B9EF-417C-9AE9-A13B257E8788}
	EndGlobalSection
EndGlobal
